
Microsoft Visual Studio Solution File, Format Version 12.00
# Visual Studio 15
VisualStudioVersion = 15.0.28010.2016
MinimumVisualStudioVersion = 10.0.40219.1
Project("{FAE04EC0-301F-11D3-BF4B-00C04F79EFBC}") = "GenbetaDevWebApi", "GenbetaDevWebApi\GenbetaDevWebApi.csproj", "{264A9A19-50CB-4AC1-890A-229B0056F57C}"
EndProject
Project("{FAE04EC0-301F-11D3-BF4B-00C04F79EFBC}") = "GenbetaDevWebApi.Tests", "GenbetaDevWebApi.Tests\GenbetaDevWebApi.Tests.csproj", "{F7EAE58C-573E-4855-9E98-51395D99653C}"
EndProject
Global
	GlobalSection(SolutionConfigurationPlatforms) = preSolution
		Debug|Any CPU = Debug|Any CPU
		Release|Any CPU = Release|Any CPU
	EndGlobalSection
	GlobalSection(ProjectConfigurationPlatforms) = postSolution
		{264A9A19-50CB-4AC1-890A-229B0056F57C}.Debug|Any CPU.ActiveCfg = Debug|Any CPU
		{264A9A19-50CB-4AC1-890A-229B0056F57C}.Debug|Any CPU.Build.0 = Debug|Any CPU
		{264A9A19-50CB-4AC1-890A-229B0056F57C}.Release|Any CPU.ActiveCfg = Release|Any CPU
		{264A9A19-50CB-4AC1-890A-229B0056F57C}.Release|Any CPU.Build.0 = Release|Any CPU
		{F7EAE58C-573E-4855-9E98-51395D99653C}.Debug|Any CPU.ActiveCfg = Debug|Any CPU
		{F7EAE58C-573E-4855-9E98-51395D99653C}.Debug|Any CPU.Build.0 = Debug|Any CPU
		{F7EAE58C-573E-4855-9E98-51395D99653C}.Release|Any CPU.ActiveCfg = Release|Any CPU
		{F7EAE58C-573E-4855-9E98-51395D99653C}.Release|Any CPU.Build.0 = Release|Any CPU
	EndGlobalSection
	GlobalSection(SolutionProperties) = preSolution
		HideSolutionNode = FALSE
	EndGlobalSection
	GlobalSection(ExtensibilityGlobals) = postSolution
		SolutionGuid = {E6998C1C-FE01-4B1C-8407-9F8D23F27D09}
	EndGlobalSection
EndGlobal
